# @generated by Move, please check-in and do not edit manually.

[move]
version = 3
manifest_digest = "D68611882DC6E32D3B2BA7C69EB94C091999F063BE87F2CDED4F28973B941039"
deps_digest = "F9B494B64F0615AED0E98FC12A85B85ECD2BC5185C22D30E7F67786BB52E507C"
dependencies = [
  { id = "Bridge", name = "Bridge" },
  { id = "MoveStdlib", name = "MoveStdlib" },
  { id = "Sui", name = "Sui" },
  { id = "SuiSystem", name = "SuiSystem" },
]

[[move.package]]
id = "Bridge"
source = { git = "https://github.com/MystenLabs/sui.git", rev = "664b05b3b047c5bb03979d093660176176ea6175", subdir = "crates/sui-framework/packages/bridge" }

dependencies = [
  { id = "MoveStdlib", name = "MoveStdlib" },
  { id = "Sui", name = "Sui" },
  { id = "SuiSystem", name = "SuiSystem" },
]

[[move.package]]
id = "MoveStdlib"
source = { git = "https://github.com/MystenLabs/sui.git", rev = "664b05b3b047c5bb03979d093660176176ea6175", subdir = "crates/sui-framework/packages/move-stdlib" }

[[move.package]]
id = "Sui"
source = { git = "https://github.com/MystenLabs/sui.git", rev = "664b05b3b047c5bb03979d093660176176ea6175", subdir = "crates/sui-framework/packages/sui-framework" }

dependencies = [
  { id = "MoveStdlib", name = "MoveStdlib" },
]

[[move.package]]
id = "SuiSystem"
source = { git = "https://github.com/MystenLabs/sui.git", rev = "664b05b3b047c5bb03979d093660176176ea6175", subdir = "crates/sui-framework/packages/sui-system" }

dependencies = [
  { id = "MoveStdlib", name = "MoveStdlib" },
  { id = "Sui", name = "Sui" },
]

[move.toolchain-version]
compiler-version = "1.56.2"
edition = "2024.beta"
flavor = "sui"

[env]

[env.testnet]
chain-id = "4c78adac"
original-published-id = "0xaa29b1fd7bc5740d97bc15a1e4cc318ae966417394f2db38ead479a8e1e0ee75"
latest-published-id = "0xaa29b1fd7bc5740d97bc15a1e4cc318ae966417394f2db38ead479a8e1e0ee75"
published-version = "1"

[env.devnet]
chain-id = "cffbbc89"
original-published-id = "0x33e6808d5a2f88cdca4b83a1b9e2191c33f9c742073e8aedc9f71da75cf6614b"
latest-published-id = "0x33e6808d5a2f88cdca4b83a1b9e2191c33f9c742073e8aedc9f71da75cf6614b"
published-version = "1"

[env.localnet]
chain-id = "a7bfcf5a"
original-published-id = "0xeab8d9771a968ac99f24d16e1bbb6e23cc63eeaa46a8304c1e4b2b0a612fa0ed"
latest-published-id = "0xeab8d9771a968ac99f24d16e1bbb6e23cc63eeaa46a8304c1e4b2b0a612fa0ed"
published-version = "1"
